
Microsoft Visual Studio Solution File, Format Version 12.00
# Visual Studio Version 17
VisualStudioVersion = 17.4.33213.308
MinimumVisualStudioVersion = 10.0.40219.1
Project("{2150E333-8FDC-42A3-9474-1A3956D46DE8}") = "Core", "Core", "{76AA9F1E-40B1-45A6-BC60-E0D52265B854}"
EndProject
Project("{FAE04EC0-301F-11D3-BF4B-00C04F79EFBC}") = "ECommerce.Domain", "Core\ECommerce.Domain\ECommerce.Domain.csproj", "{61DE057C-28F9-487C-87FB-E31041A786B9}"
EndProject
Project("{FAE04EC0-301F-11D3-BF4B-00C04F79EFBC}") = "ECommerce.Application", "Core\ECommerce.Application\ECommerce.Application.csproj", "{E53C5E59-1675-48C1-93DE-66D71C8EE210}"
EndProject
Project("{2150E333-8FDC-42A3-9474-1A3956D46DE8}") = "Infrastructure", "Infrastructure", "{A605AF03-8A79-4827-8480-431E25F85D10}"
EndProject
Project("{FAE04EC0-301F-11D3-BF4B-00C04F79EFBC}") = "ECommerce.Infrastructure", "Infrastructure\ECommerce.Infrastructure\ECommerce.Infrastructure.csproj", "{2F01B90B-3EA2-499B-BA0F-87F864BC48E5}"
EndProject
Project("{FAE04EC0-301F-11D3-BF4B-00C04F79EFBC}") = "ECommerce.Persistance", "Infrastructure\ECommerce.Persistance\ECommerce.Persistance.csproj", "{7337381B-D433-418E-986E-56DF7A71BAEB}"
EndProject
Project("{2150E333-8FDC-42A3-9474-1A3956D46DE8}") = "Presentation", "Presentation", "{5B12C6C6-305D-4F1A-9FEC-3FF619491638}"
EndProject
Project("{FAE04EC0-301F-11D3-BF4B-00C04F79EFBC}") = "ECommerce.API", "Presentation\ECommerce.API\ECommerce.API.csproj", "{1769CA6F-0D94-41DA-BAFE-87A8D8A26105}"
EndProject
Global
	GlobalSection(SolutionConfigurationPlatforms) = preSolution
		Debug|Any CPU = Debug|Any CPU
		Release|Any CPU = Release|Any CPU
	EndGlobalSection
	GlobalSection(ProjectConfigurationPlatforms) = postSolution
		{61DE057C-28F9-487C-87FB-E31041A786B9}.Debug|Any CPU.ActiveCfg = Debug|Any CPU
		{61DE057C-28F9-487C-87FB-E31041A786B9}.Debug|Any CPU.Build.0 = Debug|Any CPU
		{61DE057C-28F9-487C-87FB-E31041A786B9}.Release|Any CPU.ActiveCfg = Release|Any CPU
		{61DE057C-28F9-487C-87FB-E31041A786B9}.Release|Any CPU.Build.0 = Release|Any CPU
		{E53C5E59-1675-48C1-93DE-66D71C8EE210}.Debug|Any CPU.ActiveCfg = Debug|Any CPU
		{E53C5E59-1675-48C1-93DE-66D71C8EE210}.Debug|Any CPU.Build.0 = Debug|Any CPU
		{E53C5E59-1675-48C1-93DE-66D71C8EE210}.Release|Any CPU.ActiveCfg = Release|Any CPU
		{E53C5E59-1675-48C1-93DE-66D71C8EE210}.Release|Any CPU.Build.0 = Release|Any CPU
		{2F01B90B-3EA2-499B-BA0F-87F864BC48E5}.Debug|Any CPU.ActiveCfg = Debug|Any CPU
		{2F01B90B-3EA2-499B-BA0F-87F864BC48E5}.Debug|Any CPU.Build.0 = Debug|Any CPU
		{2F01B90B-3EA2-499B-BA0F-87F864BC48E5}.Release|Any CPU.ActiveCfg = Release|Any CPU
		{2F01B90B-3EA2-499B-BA0F-87F864BC48E5}.Release|Any CPU.Build.0 = Release|Any CPU
		{7337381B-D433-418E-986E-56DF7A71BAEB}.Debug|Any CPU.ActiveCfg = Debug|Any CPU
		{7337381B-D433-418E-986E-56DF7A71BAEB}.Debug|Any CPU.Build.0 = Debug|Any CPU
		{7337381B-D433-418E-986E-56DF7A71BAEB}.Release|Any CPU.ActiveCfg = Release|Any CPU
		{7337381B-D433-418E-986E-56DF7A71BAEB}.Release|Any CPU.Build.0 = Release|Any CPU
		{1769CA6F-0D94-41DA-BAFE-87A8D8A26105}.Debug|Any CPU.ActiveCfg = Debug|Any CPU
		{1769CA6F-0D94-41DA-BAFE-87A8D8A26105}.Debug|Any CPU.Build.0 = Debug|Any CPU
		{1769CA6F-0D94-41DA-BAFE-87A8D8A26105}.Release|Any CPU.ActiveCfg = Release|Any CPU
		{1769CA6F-0D94-41DA-BAFE-87A8D8A26105}.Release|Any CPU.Build.0 = Release|Any CPU
	EndGlobalSection
	GlobalSection(SolutionProperties) = preSolution
		HideSolutionNode = FALSE
	EndGlobalSection
	GlobalSection(NestedProjects) = preSolution
		{61DE057C-28F9-487C-87FB-E31041A786B9} = {76AA9F1E-40B1-45A6-BC60-E0D52265B854}
		{E53C5E59-1675-48C1-93DE-66D71C8EE210} = {76AA9F1E-40B1-45A6-BC60-E0D52265B854}
		{2F01B90B-3EA2-499B-BA0F-87F864BC48E5} = {A605AF03-8A79-4827-8480-431E25F85D10}
		{7337381B-D433-418E-986E-56DF7A71BAEB} = {A605AF03-8A79-4827-8480-431E25F85D10}
		{1769CA6F-0D94-41DA-BAFE-87A8D8A26105} = {5B12C6C6-305D-4F1A-9FEC-3FF619491638}
	EndGlobalSection
	GlobalSection(ExtensibilityGlobals) = postSolution
		SolutionGuid = {D9AC7AFE-1E06-4655-B6DC-358E9190F88E}
	EndGlobalSection
EndGlobal
